
Microsoft Visual Studio Solution File, Format Version 12.00
# Visual Studio Version 16
VisualStudioVersion = 16.0.30804.86
MinimumVisualStudioVersion = 10.0.40219.1
Project("{FAE04EC0-301F-11D3-BF4B-00C04F79EFBC}") = "URI1165PrimeNumber", "URI1165PrimeNumber.csproj", "{3CE378A3-D059-4650-A1D9-8B6C7C7472DF}"
EndProject
Global
	GlobalSection(SolutionConfigurationPlatforms) = preSolution
		Debug|Any CPU = Debug|Any CPU
		Release|Any CPU = Release|Any CPU
	EndGlobalSection
	GlobalSection(ProjectConfigurationPlatforms) = postSolution
		{3CE378A3-D059-4650-A1D9-8B6C7C7472DF}.Debug|Any CPU.ActiveCfg = Debug|Any CPU
		{3CE378A3-D059-4650-A1D9-8B6C7C7472DF}.Debug|Any CPU.Build.0 = Debug|Any CPU
		{3CE378A3-D059-4650-A1D9-8B6C7C7472DF}.Release|Any CPU.ActiveCfg = Release|Any CPU
		{3CE378A3-D059-4650-A1D9-8B6C7C7472DF}.Release|Any CPU.Build.0 = Release|Any CPU
	EndGlobalSection
	GlobalSection(SolutionProperties) = preSolution
		HideSolutionNode = FALSE
	EndGlobalSection
	GlobalSection(ExtensibilityGlobals) = postSolution
		SolutionGuid = {54AD7566-A4D1-443B-89BA-0165C43CA4F6}
	EndGlobalSection
EndGlobal
